
Microsoft Visual Studio Solution File, Format Version 12.00
# Visual Studio Version 16
VisualStudioVersion = 16.0.30503.244
MinimumVisualStudioVersion = 10.0.40219.1
Project("{FAE04EC0-301F-11D3-BF4B-00C04F79EFBC}") = "Uiguuna_TG", "Uiguuna_TG\Uiguuna_TG.csproj", "{EF59AB01-2B8A-40E6-808A-E3FD5B126620}"
EndProject
Global
	GlobalSection(SolutionConfigurationPlatforms) = preSolution
		Debug|Any CPU = Debug|Any CPU
		Release|Any CPU = Release|Any CPU
	EndGlobalSection
	GlobalSection(ProjectConfigurationPlatforms) = postSolution
		{EF59AB01-2B8A-40E6-808A-E3FD5B126620}.Debug|Any CPU.ActiveCfg = Debug|Any CPU
		{EF59AB01-2B8A-40E6-808A-E3FD5B126620}.Debug|Any CPU.Build.0 = Debug|Any CPU
		{EF59AB01-2B8A-40E6-808A-E3FD5B126620}.Release|Any CPU.ActiveCfg = Release|Any CPU
		{EF59AB01-2B8A-40E6-808A-E3FD5B126620}.Release|Any CPU.Build.0 = Release|Any CPU
	EndGlobalSection
	GlobalSection(SolutionProperties) = preSolution
		HideSolutionNode = FALSE
	EndGlobalSection
	GlobalSection(ExtensibilityGlobals) = postSolution
		SolutionGuid = {6584B130-8B9F-4402-832D-993DC85B7E14}
	EndGlobalSection
EndGlobal
